
Microsoft Visual Studio Solution File, Format Version 12.00
# Visual Studio Version 17
VisualStudioVersion = 17.3.32811.315
MinimumVisualStudioVersion = 10.0.40219.1
Project("{9A19103F-16F7-4668-BE54-9A1E7A4F7556}") = "api", "api.csproj", "{83F21BC8-069A-41D7-BD69-7F03A27E6A05}"
EndProject
Project("{2150E333-8FDC-42A3-9474-1A3956D46DE8}") = "01. Presentation", "01. Presentation", "{9791B753-0207-4C4B-9B9E-F44627D9CDBA}"
EndProject
Project("{2150E333-8FDC-42A3-9474-1A3956D46DE8}") = "02. Application", "02. Application", "{8205B54B-28D0-4826-B379-76511BEC3797}"
EndProject
Project("{FAE04EC0-301F-11D3-BF4B-00C04F79EFBC}") = "Application", "..\Applications\Application.csproj", "{D70E2127-D891-4A18-8330-BDD318047EBB}"
EndProject
Global
	GlobalSection(SolutionConfigurationPlatforms) = preSolution
		Debug|Any CPU = Debug|Any CPU
		Release|Any CPU = Release|Any CPU
	EndGlobalSection
	GlobalSection(ProjectConfigurationPlatforms) = postSolution
		{83F21BC8-069A-41D7-BD69-7F03A27E6A05}.Debug|Any CPU.ActiveCfg = Debug|Any CPU
		{83F21BC8-069A-41D7-BD69-7F03A27E6A05}.Debug|Any CPU.Build.0 = Debug|Any CPU
		{83F21BC8-069A-41D7-BD69-7F03A27E6A05}.Release|Any CPU.ActiveCfg = Release|Any CPU
		{83F21BC8-069A-41D7-BD69-7F03A27E6A05}.Release|Any CPU.Build.0 = Release|Any CPU
		{D70E2127-D891-4A18-8330-BDD318047EBB}.Debug|Any CPU.ActiveCfg = Debug|Any CPU
		{D70E2127-D891-4A18-8330-BDD318047EBB}.Debug|Any CPU.Build.0 = Debug|Any CPU
		{D70E2127-D891-4A18-8330-BDD318047EBB}.Release|Any CPU.ActiveCfg = Release|Any CPU
		{D70E2127-D891-4A18-8330-BDD318047EBB}.Release|Any CPU.Build.0 = Release|Any CPU
	EndGlobalSection
	GlobalSection(SolutionProperties) = preSolution
		HideSolutionNode = FALSE
	EndGlobalSection
	GlobalSection(NestedProjects) = preSolution
		{83F21BC8-069A-41D7-BD69-7F03A27E6A05} = {9791B753-0207-4C4B-9B9E-F44627D9CDBA}
		{D70E2127-D891-4A18-8330-BDD318047EBB} = {8205B54B-28D0-4826-B379-76511BEC3797}
	EndGlobalSection
	GlobalSection(ExtensibilityGlobals) = postSolution
		SolutionGuid = {4534E73F-CCA9-46DF-B7F2-733DCFC76488}
	EndGlobalSection
EndGlobal
